lockfileVersion: '6.0'

settings:
  autoInstallPeers: true
  excludeLinksFromLockfile: false

dependencies:
  rollup-plugin-cleanup:
    specifier: ^3.2.1
    version: 3.2.1(rollup@4.28.1)

devDependencies:
  rollup:
    specifier: ^4.28.1
    version: 4.28.1
  rollup-plugin-strip:
    specifier: ^1.2.2
    version: 1.2.2
  rollup-plugin-terser:
    specifier: ^7.0.2
    version: 7.0.2(rollup@4.28.1)

packages:

  /@babel/code-frame@7.26.2:
    resolution: {integrity: sha512-RJlIHRueQgwWitWgF8OdFYGZX328Ax5BCemNGlqHfplnRT9ESi8JkFlvaVYbS+UubVY6dpv87Fs2u5M29iNFVQ==}
    engines: {node: '>=6.9.0'}
    dependencies:
      '@babel/helper-validator-identifier': 7.25.9
      js-tokens: 4.0.0
      picocolors: 1.1.1
    dev: true

  /@babel/helper-validator-identifier@7.25.9:
    resolution: {integrity: sha512-Ed61U6XJc3CVRfkERJWDz4dJwKe7iLmmJsbOGu9wSloNSFttHV0I8g6UAgb7qnK5ly5bGLPd4oXZlxCdANBOWQ==}
    engines: {node: '>=6.9.0'}
    dev: true

  /@jridgewell/gen-mapping@0.3.8:
    resolution: {integrity: sha512-imAbBGkb+ebQyxKgzv5Hu2nmROxoDOXHh80evxdoXNOrvAnVx7zimzc1Oo5h9RlfV4vPXaE2iM5pOFbvOCClWA==}
    engines: {node: '>=6.0.0'}
    dependencies:
      '@jridgewell/set-array': 1.2.1
      '@jridgewell/sourcemap-codec': 1.5.0
      '@jridgewell/trace-mapping': 0.3.25
    dev: true

  /@jridgewell/resolve-uri@3.1.2:
    resolution: {integrity: sha512-bRISgCIjP20/tbWSPWMEi54QVPRZExkuD9lJL+UIxUKtwVJA8wW1Trb1jMs1RFXo1CBTNZ/5hpC9QvmKWdopKw==}
    engines: {node: '>=6.0.0'}
    dev: true

  /@jridgewell/set-array@1.2.1:
    resolution: {integrity: sha512-R8gLRTZeyp03ymzP/6Lil/28tGeGEzhx1q2k703KGWRAI1VdvPIXdG70VJc2pAMw3NA6JKL5hhFu1sJX0Mnn/A==}
    engines: {node: '>=6.0.0'}
    dev: true

  /@jridgewell/source-map@0.3.6:
    resolution: {integrity: sha512-1ZJTZebgqllO79ue2bm3rIGud/bOe0pP5BjSRCRxxYkEZS8STV7zN84UBbiYu7jy+eCKSnVIUgoWWE/tt+shMQ==}
    dependencies:
      '@jridgewell/gen-mapping': 0.3.8
      '@jridgewell/trace-mapping': 0.3.25
    dev: true

  /@jridgewell/sourcemap-codec@1.5.0:
    resolution: {integrity: sha512-gv3ZRaISU3fjPAgNsriBRqGWQL6quFx04YMPW/zD8XMLsU32mhCCbfbO6KZFLjvYpCZ8zyDEgqsgf+PwPaM7GQ==}
    dev: true

  /@jridgewell/trace-mapping@0.3.25:
    resolution: {integrity: sha512-vNk6aEwybGtawWmy/PzwnGDOjCkLWSD2wqvjGGAgOAwCGWySYXfYoxt00IJkTF+8Lb57DwOb3Aa0o9CApepiYQ==}
    dependencies:
      '@jridgewell/resolve-uri': 3.1.2
      '@jridgewell/sourcemap-codec': 1.5.0
    dev: true

  /@rollup/rollup-android-arm-eabi@4.28.1:
    resolution: {integrity: sha512-2aZp8AES04KI2dy3Ss6/MDjXbwBzj+i0GqKtWXgw2/Ma6E4jJvujryO6gJAghIRVz7Vwr9Gtl/8na3nDUKpraQ==}
    cpu: [arm]
    os: [android]
    requiresBuild: true
    optional: true

  /@rollup/rollup-android-arm64@4.28.1:
    resolution: {integrity: sha512-EbkK285O+1YMrg57xVA+Dp0tDBRB93/BZKph9XhMjezf6F4TpYjaUSuPt5J0fZXlSag0LmZAsTmdGGqPp4pQFA==}
    cpu: [arm64]
    os: [android]
    requiresBuild: true
    optional: true

  /@rollup/rollup-darwin-arm64@4.28.1:
    resolution: {integrity: sha512-prduvrMKU6NzMq6nxzQw445zXgaDBbMQvmKSJaxpaZ5R1QDM8w+eGxo6Y/jhT/cLoCvnZI42oEqf9KQNYz1fqQ==}
    cpu: [arm64]
    os: [darwin]
    requiresBuild: true
    optional: true

  /@rollup/rollup-darwin-x64@4.28.1:
    resolution: {integrity: sha512-WsvbOunsUk0wccO/TV4o7IKgloJ942hVFK1CLatwv6TJspcCZb9umQkPdvB7FihmdxgaKR5JyxDjWpCOp4uZlQ==}
    cpu: [x64]
    os: [darwin]
    requiresBuild: true
    optional: true

  /@rollup/rollup-freebsd-arm64@4.28.1:
    resolution: {integrity: sha512-HTDPdY1caUcU4qK23FeeGxCdJF64cKkqajU0iBnTVxS8F7H/7BewvYoG+va1KPSL63kQ1PGNyiwKOfReavzvNA==}
    cpu: [arm64]
    os: [freebsd]
    requiresBuild: true
    optional: true

  /@rollup/rollup-freebsd-x64@4.28.1:
    resolution: {integrity: sha512-m/uYasxkUevcFTeRSM9TeLyPe2QDuqtjkeoTpP9SW0XxUWfcYrGDMkO/m2tTw+4NMAF9P2fU3Mw4ahNvo7QmsQ==}
    cpu: [x64]
    os: [freebsd]
    requiresBuild: true
    optional: true

  /@rollup/rollup-linux-arm-gnueabihf@4.28.1:
    resolution: {integrity: sha512-QAg11ZIt6mcmzpNE6JZBpKfJaKkqTm1A9+y9O+frdZJEuhQxiugM05gnCWiANHj4RmbgeVJpTdmKRmH/a+0QbA==}
    cpu: [arm]
    os: [linux]
    requiresBuild: true
    optional: true

  /@rollup/rollup-linux-arm-musleabihf@4.28.1:
    resolution: {integrity: sha512-dRP9PEBfolq1dmMcFqbEPSd9VlRuVWEGSmbxVEfiq2cs2jlZAl0YNxFzAQS2OrQmsLBLAATDMb3Z6MFv5vOcXg==}
    cpu: [arm]
    os: [linux]
    requiresBuild: true
    optional: true

  /@rollup/rollup-linux-arm64-gnu@4.28.1:
    resolution: {integrity: sha512-uGr8khxO+CKT4XU8ZUH1TTEUtlktK6Kgtv0+6bIFSeiSlnGJHG1tSFSjm41uQ9sAO/5ULx9mWOz70jYLyv1QkA==}
    cpu: [arm64]
    os: [linux]
    requiresBuild: true
    optional: true

  /@rollup/rollup-linux-arm64-musl@4.28.1:
    resolution: {integrity: sha512-QF54q8MYGAqMLrX2t7tNpi01nvq5RI59UBNx+3+37zoKX5KViPo/gk2QLhsuqok05sSCRluj0D00LzCwBikb0A==}
    cpu: [arm64]
    os: [linux]
    requiresBuild: true
    optional: true

  /@rollup/rollup-linux-loongarch64-gnu@4.28.1:
    resolution: {integrity: sha512-vPul4uodvWvLhRco2w0GcyZcdyBfpfDRgNKU+p35AWEbJ/HPs1tOUrkSueVbBS0RQHAf/A+nNtDpvw95PeVKOA==}
    cpu: [loong64]
    os: [linux]
    requiresBuild: true
    optional: true

  /@rollup/rollup-linux-powerpc64le-gnu@4.28.1:
    resolution: {integrity: sha512-pTnTdBuC2+pt1Rmm2SV7JWRqzhYpEILML4PKODqLz+C7Ou2apEV52h19CR7es+u04KlqplggmN9sqZlekg3R1A==}
    cpu: [ppc64]
    os: [linux]
    requiresBuild: true
    optional: true

  /@rollup/rollup-linux-riscv64-gnu@4.28.1:
    resolution: {integrity: sha512-vWXy1Nfg7TPBSuAncfInmAI/WZDd5vOklyLJDdIRKABcZWojNDY0NJwruY2AcnCLnRJKSaBgf/GiJfauu8cQZA==}
    cpu: [riscv64]
    os: [linux]
    requiresBuild: true
    optional: true

  /@rollup/rollup-linux-s390x-gnu@4.28.1:
    resolution: {integrity: sha512-/yqC2Y53oZjb0yz8PVuGOQQNOTwxcizudunl/tFs1aLvObTclTwZ0JhXF2XcPT/zuaymemCDSuuUPXJJyqeDOg==}
    cpu: [s390x]
    os: [linux]
    requiresBuild: true
    optional: true

  /@rollup/rollup-linux-x64-gnu@4.28.1:
    resolution: {integrity: sha512-fzgeABz7rrAlKYB0y2kSEiURrI0691CSL0+KXwKwhxvj92VULEDQLpBYLHpF49MSiPG4sq5CK3qHMnb9tlCjBw==}
    cpu: [x64]
    os: [linux]
    requiresBuild: true
    optional: true

  /@rollup/rollup-linux-x64-musl@4.28.1:
    resolution: {integrity: sha512-xQTDVzSGiMlSshpJCtudbWyRfLaNiVPXt1WgdWTwWz9n0U12cI2ZVtWe/Jgwyv/6wjL7b66uu61Vg0POWVfz4g==}
    cpu: [x64]
    os: [linux]
    requiresBuild: true
    optional: true

  /@rollup/rollup-win32-arm64-msvc@4.28.1:
    resolution: {integrity: sha512-wSXmDRVupJstFP7elGMgv+2HqXelQhuNf+IS4V+nUpNVi/GUiBgDmfwD0UGN3pcAnWsgKG3I52wMOBnk1VHr/A==}
    cpu: [arm64]
    os: [win32]
    requiresBuild: true
    optional: true

  /@rollup/rollup-win32-ia32-msvc@4.28.1:
    resolution: {integrity: sha512-ZkyTJ/9vkgrE/Rk9vhMXhf8l9D+eAhbAVbsGsXKy2ohmJaWg0LPQLnIxRdRp/bKyr8tXuPlXhIoGlEB5XpJnGA==}
    cpu: [ia32]
    os: [win32]
    requiresBuild: true
    optional: true

  /@rollup/rollup-win32-x64-msvc@4.28.1:
    resolution: {integrity: sha512-ZvK2jBafvttJjoIdKm/Q/Bh7IJ1Ose9IBOwpOXcOvW3ikGTQGmKDgxTC6oCAzW6PynbkKP8+um1du81XJHZ0JA==}
    cpu: [x64]
    os: [win32]
    requiresBuild: true
    optional: true

  /@types/estree@1.0.6:
    resolution: {integrity: sha512-AYnb1nQyY49te+VRAVgmzfcgjYS91mY5P0TKUDCLEM+gNnA+3T6rWITXRLYCpahpqSQbN5cE+gHpnPyXjHWxcw==}

  /@types/node@22.10.2:
    resolution: {integrity: sha512-Xxr6BBRCAOQixvonOye19wnzyDiUtTeqldOOmj3CkeblonbccA12PFwlufvRdrpjXxqnmUaeiU5EOA+7s5diUQ==}
    dependencies:
      undici-types: 6.20.0
    dev: true

  /acorn@8.14.0:
    resolution: {integrity: sha512-cl669nCJTZBsL97OF4kUQm5g5hC2uihk0NxY3WENAC0TYdILVkAyHymAntgxGkl7K+t0cXIrH5siy5S4XkFycA==}
    engines: {node: '>=0.4.0'}
    hasBin: true
    dev: true

  /buffer-from@1.1.2:
    resolution: {integrity: sha512-E+XQCRwSbaaiChtv6k6Dwgc+bx+Bs6vuKJHHl5kox/BaKbhiXzqQOwK4cO22yElGp2OCmjwVhT3HmxgyPGnJfQ==}
    dev: true

  /commander@2.20.3:
    resolution: {integrity: sha512-GpVkmM8vF2vQUkj2LvZmD35JxeJOLCwJ9cUkugyk2nuhbv3+mJvpLYYt+0+USMxE+oj+ey/lJEnhZw75x/OMcQ==}
    dev: true

  /estree-walker@0.6.1:
    resolution: {integrity: sha512-SqmZANLWS0mnatqbSfRP5g8OXZC12Fgg1IwNtLsyHDzJizORW4khDfjPqJZsemPWBB2uqykUah5YpQ6epsqC/w==}

  /fsevents@2.3.3:
    resolution: {integrity: sha512-5xoDfX+fL7faATnagmWPpbFtwh/R77WmMMqqHGS65C3vvB0YHrgF+B1YmZ3441tMj5n63k0212XNoJwzlhffQw==}
    engines: {node: ^8.16.0 || ^10.6.0 || >=11.0.0}
    os: [darwin]
    requiresBuild: true
    optional: true

  /has-flag@4.0.0:
    resolution: {integrity: sha512-EykJT/Q1KjTWctppgIAgfSO0tKVuZUjhgMr17kqTumMl6Afv3EISleU7qZUzoXDFTAHTDC4NOoG/ZxU3EvlMPQ==}
    engines: {node: '>=8'}
    dev: true

  /jest-worker@26.6.2:
    resolution: {integrity: sha512-KWYVV1c4i+jbMpaBC+U++4Va0cp8OisU185o73T1vo99hqi7w8tSJfUXYswwqqrjzwxa6KpRK54WhPvwf5w6PQ==}
    engines: {node: '>= 10.13.0'}
    dependencies:
      '@types/node': 22.10.2
      merge-stream: 2.0.0
      supports-color: 7.2.0
    dev: true

  /js-cleanup@1.2.0:
    resolution: {integrity: sha512-JeDD0yiiSt80fXzAVa/crrS0JDPQljyBG/RpOtaSbyDq03VHa9szJWMaWOYU/bcTn412uMN2MxApXq8v79cUiQ==}
    engines: {node: ^10.14.2 || >=12.0.0}
    dependencies:
      magic-string: 0.25.9
      perf-regexes: 1.0.1
      skip-regex: 1.0.2
    dev: false

  /js-tokens@4.0.0:
    resolution: {integrity: sha512-RdJUflcE3cUzKiMqQgsCu06FPu9UdIJO0beYbPhHN4k6apgJtifcoCtT9bcxOpYBtpD2kCM6Sbzg4CausW/PKQ==}
    dev: true

  /magic-string@0.25.9:
    resolution: {integrity: sha512-RmF0AsMzgt25qzqqLc1+MbHmhdx0ojF2Fvs4XnOqz2ZOBXzzkEwc/dJQZCYHAn7v1jbVOjAZfK8msRn4BxO4VQ==}
    dependencies:
      sourcemap-codec: 1.4.8

  /merge-stream@2.0.0:
    resolution: {integrity: sha512-abv/qOcuPfk3URPfDzmZU1LKmuw8kT+0nIHvKrKgFrwifol/doWcdA4ZqsWQ8ENrFKkd67Mfpo/LovbIUsbt3w==}
    dev: true

  /perf-regexes@1.0.1:
    resolution: {integrity: sha512-L7MXxUDtqr4PUaLFCDCXBfGV/6KLIuSEccizDI7JxT+c9x1G1v04BQ4+4oag84SHaCdrBgQAIs/Cqn+flwFPng==}
    engines: {node: '>=6.14'}
    dev: false

  /picocolors@1.1.1:
    resolution: {integrity: sha512-xceH2snhtb5M9liqDsmEw56le376mTZkEX/jEb/RxNFyegNul7eNslCXP9FDj/Lcu0X8KEyMceP2ntpaHrDEVA==}
    dev: true

  /randombytes@2.1.0:
    resolution: {integrity: sha512-vYl3iOX+4CKUWuxGi9Ukhie6fsqXqS9FE2Zaic4tNFD2N2QQaXOMFbuKK4QmDHC0JO6B1Zp41J0LpT0oR68amQ==}
    dependencies:
      safe-buffer: 5.2.1
    dev: true

  /rollup-plugin-cleanup@3.2.1(rollup@4.28.1):
    resolution: {integrity: sha512-zuv8EhoO3TpnrU8MX8W7YxSbO4gmOR0ny06Lm3nkFfq0IVKdBUtHwhVzY1OAJyNCIAdLiyPnOrU0KnO0Fri1GQ==}
    engines: {node: ^10.14.2 || >=12.0.0}
    peerDependencies:
      rollup: '>=2.0'
    dependencies:
      js-cleanup: 1.2.0
      rollup: 4.28.1
      rollup-pluginutils: 2.8.2
    dev: false

  /rollup-plugin-strip@1.2.2:
    resolution: {integrity: sha512-n6hmt7ben8txSrpEXvRd0aNApQTpexst0qSu6QFzOSrb7EE2yPVIlEK0n4RWYT1gieBkSN7ECvYvY/g7OsQMLA==}
    deprecated: This package has been deprecated and is no longer maintained. Please use @rollup/plugin-strip
    dependencies:
      estree-walker: 0.6.1
      magic-string: 0.25.9
      rollup-pluginutils: 2.8.2
    dev: true

  /rollup-plugin-terser@7.0.2(rollup@4.28.1):
    resolution: {integrity: sha512-w3iIaU4OxcF52UUXiZNsNeuXIMDvFrr+ZXK6bFZ0Q60qyVfq4uLptoS4bbq3paG3x216eQllFZX7zt6TIImguQ==}
    deprecated: This package has been deprecated and is no longer maintained. Please use @rollup/plugin-terser
    peerDependencies:
      rollup: ^2.0.0
    dependencies:
      '@babel/code-frame': 7.26.2
      jest-worker: 26.6.2
      rollup: 4.28.1
      serialize-javascript: 4.0.0
      terser: 5.37.0
    dev: true

  /rollup-pluginutils@2.8.2:
    resolution: {integrity: sha512-EEp9NhnUkwY8aif6bxgovPHMoMoNr2FulJziTndpt5H9RdwC47GSGuII9XxpSdzVGM0GWrNPHV6ie1LTNJPaLQ==}
    dependencies:
      estree-walker: 0.6.1

  /rollup@4.28.1:
    resolution: {integrity: sha512-61fXYl/qNVinKmGSTHAZ6Yy8I3YIJC/r2m9feHo6SwVAVcLT5MPwOUFe7EuURA/4m0NR8lXG4BBXuo/IZEsjMg==}
    engines: {node: '>=18.0.0', npm: '>=8.0.0'}
    hasBin: true
    dependencies:
      '@types/estree': 1.0.6
    optionalDependencies:
      '@rollup/rollup-android-arm-eabi': 4.28.1
      '@rollup/rollup-android-arm64': 4.28.1
      '@rollup/rollup-darwin-arm64': 4.28.1
      '@rollup/rollup-darwin-x64': 4.28.1
      '@rollup/rollup-freebsd-arm64': 4.28.1
      '@rollup/rollup-freebsd-x64': 4.28.1
      '@rollup/rollup-linux-arm-gnueabihf': 4.28.1
      '@rollup/rollup-linux-arm-musleabihf': 4.28.1
      '@rollup/rollup-linux-arm64-gnu': 4.28.1
      '@rollup/rollup-linux-arm64-musl': 4.28.1
      '@rollup/rollup-linux-loongarch64-gnu': 4.28.1
      '@rollup/rollup-linux-powerpc64le-gnu': 4.28.1
      '@rollup/rollup-linux-riscv64-gnu': 4.28.1
      '@rollup/rollup-linux-s390x-gnu': 4.28.1
      '@rollup/rollup-linux-x64-gnu': 4.28.1
      '@rollup/rollup-linux-x64-musl': 4.28.1
      '@rollup/rollup-win32-arm64-msvc': 4.28.1
      '@rollup/rollup-win32-ia32-msvc': 4.28.1
      '@rollup/rollup-win32-x64-msvc': 4.28.1
      fsevents: 2.3.3

  /safe-buffer@5.2.1:
    resolution: {integrity: sha512-rp3So07KcdmmKbGvgaNxQSJr7bGVSVk5S9Eq1F+ppbRo70+YeaDxkw5Dd8NPN+GD6bjnYm2VuPuCXmpuYvmCXQ==}
    dev: true

  /serialize-javascript@4.0.0:
    resolution: {integrity: sha512-GaNA54380uFefWghODBWEGisLZFj00nS5ACs6yHa9nLqlLpVLO8ChDGeKRjZnV4Nh4n0Qi7nhYZD/9fCPzEqkw==}
    dependencies:
      randombytes: 2.1.0
    dev: true

  /skip-regex@1.0.2:
    resolution: {integrity: sha512-pEjMUbwJ5Pl/6Vn6FsamXHXItJXSRftcibixDmNCWbWhic0hzHrwkMZo0IZ7fMRH9KxcWDFSkzhccB4285PutA==}
    engines: {node: '>=4.2'}
    dev: false

  /source-map-support@0.5.21:
    resolution: {integrity: sha512-uBHU3L3czsIyYXKX88fdrGovxdSCoTGDRZ6SYXtSRxLZUzHg5P/66Ht6uoUlHu9EZod+inXhKo3qQgwXUT/y1w==}
    dependencies:
      buffer-from: 1.1.2
      source-map: 0.6.1
    dev: true

  /source-map@0.6.1:
    resolution: {integrity: sha512-UjgapumWlbMhkBgzT7Ykc5YXUT46F0iKu8SGXq0bcwP5dz/h0Plj6enJqjz1Zbq2l5WaqYnrVbwWOWMyF3F47g==}
    engines: {node: '>=0.10.0'}
    dev: true

  /sourcemap-codec@1.4.8:
    resolution: {integrity: sha512-9NykojV5Uih4lgo5So5dtw+f0JgJX30KCNI8gwhz2J9A15wD0Ml6tjHKwf6fTSa6fAdVBdZeNOs9eJ71qCk8vA==}
    deprecated: Please use @jridgewell/sourcemap-codec instead

  /supports-color@7.2.0:
    resolution: {integrity: sha512-qpCAvRl9stuOHveKsn7HncJRvv501qIacKzQlO/+Lwxc9+0q2wLyv4Dfvt80/DPn2pqOBsJdDiogXGR9+OvwRw==}
    engines: {node: '>=8'}
    dependencies:
      has-flag: 4.0.0
    dev: true

  /terser@5.37.0:
    resolution: {integrity: sha512-B8wRRkmre4ERucLM/uXx4MOV5cbnOlVAqUst+1+iLKPI0dOgFO28f84ptoQt9HEI537PMzfYa/d+GEPKTRXmYA==}
    engines: {node: '>=10'}
    hasBin: true
    dependencies:
      '@jridgewell/source-map': 0.3.6
      acorn: 8.14.0
      commander: 2.20.3
      source-map-support: 0.5.21
    dev: true

  /undici-types@6.20.0:
    resolution: {integrity: sha512-Ny6QZ2Nju20vw1SRHe3d9jVu6gJ+4e3+MMpqu7pqE5HT6WsTSlce++GQmK5UXS8mzV8DSYHrQH+Xrf2jVcuKNg==}
    dev: true
